{
  "lockfileVersion": 1,
  "workspaces": {
    "": {
      "name": "readline",
      "dependencies": {
        "@huggingface/inference": "^4.5.1",
        "dotenv": "^17.0.1",
        "ollama": "^0.5.16",
        "openai": "^5.3.0",
        "os": "^0.1.2",
      },
      "devDependencies": {
        "@types/bun": "latest",
      },
      "peerDependencies": {
        "typescript": "^5.0.0",
      },
    },
  },
  "packages": {
    "@huggingface/inference": ["@huggingface/inference@4.5.1", "", { "dependencies": { "@huggingface/jinja": "^0.5.1", "@huggingface/tasks": "^0.19.23" } }, "sha512-eMuugf8LfyqRyZxcdXH2sTk2Isb7+2B1lxHwdmHAOfaclfoNDC/OegZZ12Fp61WdgTXr+R/gM7oATMr3HXlN2g=="],

    "@huggingface/jinja": ["@huggingface/jinja@0.5.1", "", {}, "sha512-yUZLld4lrM9iFxHCwFQ7D1HW2MWMwSbeB7WzWqFYDWK+rEb+WldkLdAJxUPOmgICMHZLzZGVcVjFh3w/YGubng=="],

    "@huggingface/tasks": ["@huggingface/tasks@0.19.25", "", {}, "sha512-G/F7BBLhgtXJd4y4JI+9UaSoRzxYKeWefuERADAyeecyyAdCnm+F83dAYDAulU7I9wsWEK6jneLAzBaXFASUQg=="],

    "@types/bun": ["@types/bun@1.2.16", "", { "dependencies": { "bun-types": "1.2.16" } }, "sha512-1aCZJ/6nSiViw339RsaNhkNoEloLaPzZhxMOYEa7OzRzO41IGg5n/7I43/ZIAW/c+Q6cT12Vf7fOZOoVIzb5BQ=="],

    "@types/node": ["@types/node@24.0.3", "", { "dependencies": { "undici-types": "~7.8.0" } }, "sha512-R4I/kzCYAdRLzfiCabn9hxWfbuHS573x+r0dJMkkzThEa7pbrcDWK+9zu3e7aBOouf+rQAciqPFMnxwr0aWgKg=="],

    "bun-types": ["bun-types@1.2.16", "", { "dependencies": { "@types/node": "*" } }, "sha512-ciXLrHV4PXax9vHvUrkvun9VPVGOVwbbbBF/Ev1cXz12lyEZMoJpIJABOfPcN9gDJRaiKF9MVbSygLg4NXu3/A=="],

    "dotenv": ["dotenv@17.0.1", "", {}, "sha512-GLjkduuAL7IMJg/ZnOPm9AnWKJ82mSE2tzXLaJ/6hD6DhwGfZaXG77oB8qbReyiczNxnbxQKyh0OE5mXq0bAHA=="],

    "ollama": ["ollama@0.5.16", "", { "dependencies": { "whatwg-fetch": "^3.6.20" } }, "sha512-OEbxxOIUZtdZgOaTPAULo051F5y+Z1vosxEYOoABPnQKeW7i4O8tJNlxCB+xioyoorVqgjkdj+TA1f1Hy2ug/w=="],

    "openai": ["openai@5.3.0", "", { "peerDependencies": { "ws": "^8.18.0", "zod": "^3.23.8" }, "optionalPeers": ["ws", "zod"], "bin": { "openai": "bin/cli" } }, "sha512-VIKmoF7y4oJCDOwP/oHXGzM69+x0dpGFmN9QmYO+uPbLFOmmnwO+x1GbsgUtI+6oraxomGZ566Y421oYVu191w=="],

    "os": ["os@0.1.2", "", {}, "sha512-ZoXJkvAnljwvc56MbvhtKVWmSkzV712k42Is2mA0+0KTSRakq5XXuXpjZjgAt9ctzl51ojhQWakQQpmOvXWfjQ=="],

    "typescript": ["typescript@5.8.3", "", { "bin": { "tsc": "bin/tsc", "tsserver": "bin/tsserver" } }, "sha512-p1diW6TqL9L07nNxvRMM7hMMw4c5XOo/1ibL4aAIGmSAt9slTE1Xgw5KWuof2uTOvCg9BY7ZRi+GaF+7sfgPeQ=="],

    "undici-types": ["undici-types@7.8.0", "", {}, "sha512-9UJ2xGDvQ43tYyVMpuHlsgApydB8ZKfVYTsLDhXkFL/6gfkp+U8xTGdh8pMJv1SpZna0zxG1DwsKZsreLbXBxw=="],

    "whatwg-fetch": ["whatwg-fetch@3.6.20", "", {}, "sha512-EqhiFU6daOA8kpjOWTL0olhVOF3i7OrFzSYiGsEMB8GcXS+RrzauAERX65xMeNWVqxA6HXH2m69Z9LaKKdisfg=="],
  }
}
